
Microsoft Visual Studio Solution File, Format Version 12.00
# Visual Studio 15
VisualStudioVersion = 15.0.27130.2027
MinimumVisualStudioVersion = 10.0.40219.1
Project("{FAE04EC0-301F-11D3-BF4B-00C04F79EFBC}") = "CRMProject", "CRMProject\CRMProject.csproj", "{133F1493-2D8F-4BE0-9F04-EC3D9DC2EB40}"
EndProject
Global
	GlobalSection(SolutionConfigurationPlatforms) = preSolution
		Debug|Any CPU = Debug|Any CPU
		Release|Any CPU = Release|Any CPU
	EndGlobalSection
	GlobalSection(ProjectConfigurationPlatforms) = postSolution
		{133F1493-2D8F-4BE0-9F04-EC3D9DC2EB40}.Debug|Any CPU.ActiveCfg = Debug|Any CPU
		{133F1493-2D8F-4BE0-9F04-EC3D9DC2EB40}.Debug|Any CPU.Build.0 = Debug|Any CPU
		{133F1493-2D8F-4BE0-9F04-EC3D9DC2EB40}.Release|Any CPU.ActiveCfg = Release|Any CPU
		{133F1493-2D8F-4BE0-9F04-EC3D9DC2EB40}.Release|Any CPU.Build.0 = Release|Any CPU
	EndGlobalSection
	GlobalSection(SolutionProperties) = preSolution
		HideSolutionNode = FALSE
	EndGlobalSection
	GlobalSection(ExtensibilityGlobals) = postSolution
		SolutionGuid = {29CFA5B7-588B-44FA-9EF5-1CF754830219}
	EndGlobalSection
EndGlobal
